
Microsoft Visual Studio Solution File, Format Version 12.00
# Visual Studio 15
VisualStudioVersion = 15.0.28307.421
MinimumVisualStudioVersion = 10.0.40219.1
Project("{9A19103F-16F7-4668-BE54-9A1E7A4F7556}") = "SodokuLib", "SodokuLib\SodokuLib.csproj", "{EA5D361F-42A1-4B1D-AD11-688D9F1952EE}"
EndProject
Project("{9A19103F-16F7-4668-BE54-9A1E7A4F7556}") = "SudokuLibTest", "SudokuLibTest\SudokuLibTest.csproj", "{B746E04F-9AF3-4003-9116-88D91BB6EFFE}"
EndProject
Project("{FAE04EC0-301F-11D3-BF4B-00C04F79EFBC}") = "SudokuUWP", "SudokuUWP\SudokuUWP.csproj", "{AA3D7EA7-A85D-4250-AAA0-A64B869674A2}"
EndProject
Global
	GlobalSection(SolutionConfigurationPlatforms) = preSolution
		Debug|Any CPU = Debug|Any CPU
		Debug|ARM = Debug|ARM
		Debug|ARM64 = Debug|ARM64
		Debug|x64 = Debug|x64
		Debug|x86 = Debug|x86
		Release|Any CPU = Release|Any CPU
		Release|ARM = Release|ARM
		Release|ARM64 = Release|ARM64
		Release|x64 = Release|x64
		Release|x86 = Release|x86
	EndGlobalSection
	GlobalSection(ProjectConfigurationPlatforms) = postSolution
		{EA5D361F-42A1-4B1D-AD11-688D9F1952EE}.Debug|Any CPU.ActiveCfg = Debug|Any CPU
		{EA5D361F-42A1-4B1D-AD11-688D9F1952EE}.Debug|Any CPU.Build.0 = Debug|Any CPU
		{EA5D361F-42A1-4B1D-AD11-688D9F1952EE}.Debug|ARM.ActiveCfg = Debug|Any CPU
		{EA5D361F-42A1-4B1D-AD11-688D9F1952EE}.Debug|ARM.Build.0 = Debug|Any CPU
		{EA5D361F-42A1-4B1D-AD11-688D9F1952EE}.Debug|ARM64.ActiveCfg = Debug|Any CPU
		{EA5D361F-42A1-4B1D-AD11-688D9F1952EE}.Debug|ARM64.Build.0 = Debug|Any CPU
		{EA5D361F-42A1-4B1D-AD11-688D9F1952EE}.Debug|x64.ActiveCfg = Debug|Any CPU
		{EA5D361F-42A1-4B1D-AD11-688D9F1952EE}.Debug|x64.Build.0 = Debug|Any CPU
		{EA5D361F-42A1-4B1D-AD11-688D9F1952EE}.Debug|x86.ActiveCfg = Debug|Any CPU
		{EA5D361F-42A1-4B1D-AD11-688D9F1952EE}.Debug|x86.Build.0 = Debug|Any CPU
		{EA5D361F-42A1-4B1D-AD11-688D9F1952EE}.Release|Any CPU.ActiveCfg = Release|Any CPU
		{EA5D361F-42A1-4B1D-AD11-688D9F1952EE}.Release|Any CPU.Build.0 = Release|Any CPU
		{EA5D361F-42A1-4B1D-AD11-688D9F1952EE}.Release|ARM.ActiveCfg = Release|Any CPU
		{EA5D361F-42A1-4B1D-AD11-688D9F1952EE}.Release|ARM.Build.0 = Release|Any CPU
		{EA5D361F-42A1-4B1D-AD11-688D9F1952EE}.Release|ARM64.ActiveCfg = Release|Any CPU
		{EA5D361F-42A1-4B1D-AD11-688D9F1952EE}.Release|ARM64.Build.0 = Release|Any CPU
		{EA5D361F-42A1-4B1D-AD11-688D9F1952EE}.Release|x64.ActiveCfg = Release|Any CPU
		{EA5D361F-42A1-4B1D-AD11-688D9F1952EE}.Release|x64.Build.0 = Release|Any CPU
		{EA5D361F-42A1-4B1D-AD11-688D9F1952EE}.Release|x86.ActiveCfg = Release|Any CPU
		{EA5D361F-42A1-4B1D-AD11-688D9F1952EE}.Release|x86.Build.0 = Release|Any CPU
		{B746E04F-9AF3-4003-9116-88D91BB6EFFE}.Debug|Any CPU.ActiveCfg = Debug|Any CPU
		{B746E04F-9AF3-4003-9116-88D91BB6EFFE}.Debug|Any CPU.Build.0 = Debug|Any CPU
		{B746E04F-9AF3-4003-9116-88D91BB6EFFE}.Debug|ARM.ActiveCfg = Debug|Any CPU
		{B746E04F-9AF3-4003-9116-88D91BB6EFFE}.Debug|ARM.Build.0 = Debug|Any CPU
		{B746E04F-9AF3-4003-9116-88D91BB6EFFE}.Debug|ARM64.ActiveCfg = Debug|Any CPU
		{B746E04F-9AF3-4003-9116-88D91BB6EFFE}.Debug|ARM64.Build.0 = Debug|Any CPU
		{B746E04F-9AF3-4003-9116-88D91BB6EFFE}.Debug|x64.ActiveCfg = Debug|Any CPU
		{B746E04F-9AF3-4003-9116-88D91BB6EFFE}.Debug|x64.Build.0 = Debug|Any CPU
		{B746E04F-9AF3-4003-9116-88D91BB6EFFE}.Debug|x86.ActiveCfg = Debug|Any CPU
		{B746E04F-9AF3-4003-9116-88D91BB6EFFE}.Debug|x86.Build.0 = Debug|Any CPU
		{B746E04F-9AF3-4003-9116-88D91BB6EFFE}.Release|Any CPU.ActiveCfg = Release|Any CPU
		{B746E04F-9AF3-4003-9116-88D91BB6EFFE}.Release|Any CPU.Build.0 = Release|Any CPU
		{B746E04F-9AF3-4003-9116-88D91BB6EFFE}.Release|ARM.ActiveCfg = Release|Any CPU
		{B746E04F-9AF3-4003-9116-88D91BB6EFFE}.Release|ARM.Build.0 = Release|Any CPU
		{B746E04F-9AF3-4003-9116-88D91BB6EFFE}.Release|ARM64.ActiveCfg = Release|Any CPU
		{B746E04F-9AF3-4003-9116-88D91BB6EFFE}.Release|ARM64.Build.0 = Release|Any CPU
		{B746E04F-9AF3-4003-9116-88D91BB6EFFE}.Release|x64.ActiveCfg = Release|Any CPU
		{B746E04F-9AF3-4003-9116-88D91BB6EFFE}.Release|x64.Build.0 = Release|Any CPU
		{B746E04F-9AF3-4003-9116-88D91BB6EFFE}.Release|x86.ActiveCfg = Release|Any CPU
		{B746E04F-9AF3-4003-9116-88D91BB6EFFE}.Release|x86.Build.0 = Release|Any CPU
		{AA3D7EA7-A85D-4250-AAA0-A64B869674A2}.Debug|Any CPU.ActiveCfg = Debug|x86
		{AA3D7EA7-A85D-4250-AAA0-A64B869674A2}.Debug|Any CPU.Build.0 = Debug|x86
		{AA3D7EA7-A85D-4250-AAA0-A64B869674A2}.Debug|Any CPU.Deploy.0 = Debug|x86
		{AA3D7EA7-A85D-4250-AAA0-A64B869674A2}.Debug|ARM.ActiveCfg = Debug|ARM
		{AA3D7EA7-A85D-4250-AAA0-A64B869674A2}.Debug|ARM.Build.0 = Debug|ARM
		{AA3D7EA7-A85D-4250-AAA0-A64B869674A2}.Debug|ARM.Deploy.0 = Debug|ARM
		{AA3D7EA7-A85D-4250-AAA0-A64B869674A2}.Debug|ARM64.ActiveCfg = Debug|ARM64
		{AA3D7EA7-A85D-4250-AAA0-A64B869674A2}.Debug|ARM64.Build.0 = Debug|ARM64
		{AA3D7EA7-A85D-4250-AAA0-A64B869674A2}.Debug|ARM64.Deploy.0 = Debug|ARM64
		{AA3D7EA7-A85D-4250-AAA0-A64B869674A2}.Debug|x64.ActiveCfg = Debug|x64
		{AA3D7EA7-A85D-4250-AAA0-A64B869674A2}.Debug|x64.Build.0 = Debug|x64
		{AA3D7EA7-A85D-4250-AAA0-A64B869674A2}.Debug|x64.Deploy.0 = Debug|x64
		{AA3D7EA7-A85D-4250-AAA0-A64B869674A2}.Debug|x86.ActiveCfg = Debug|x86
		{AA3D7EA7-A85D-4250-AAA0-A64B869674A2}.Debug|x86.Build.0 = Debug|x86
		{AA3D7EA7-A85D-4250-AAA0-A64B869674A2}.Debug|x86.Deploy.0 = Debug|x86
		{AA3D7EA7-A85D-4250-AAA0-A64B869674A2}.Release|Any CPU.ActiveCfg = Release|x86
		{AA3D7EA7-A85D-4250-AAA0-A64B869674A2}.Release|ARM.ActiveCfg = Release|ARM
		{AA3D7EA7-A85D-4250-AAA0-A64B869674A2}.Release|ARM.Build.0 = Release|ARM
		{AA3D7EA7-A85D-4250-AAA0-A64B869674A2}.Release|ARM.Deploy.0 = Release|ARM
		{AA3D7EA7-A85D-4250-AAA0-A64B869674A2}.Release|ARM64.ActiveCfg = Release|ARM64
		{AA3D7EA7-A85D-4250-AAA0-A64B869674A2}.Release|ARM64.Build.0 = Release|ARM64
		{AA3D7EA7-A85D-4250-AAA0-A64B869674A2}.Release|ARM64.Deploy.0 = Release|ARM64
		{AA3D7EA7-A85D-4250-AAA0-A64B869674A2}.Release|x64.ActiveCfg = Release|x64
		{AA3D7EA7-A85D-4250-AAA0-A64B869674A2}.Release|x64.Build.0 = Release|x64
		{AA3D7EA7-A85D-4250-AAA0-A64B869674A2}.Release|x64.Deploy.0 = Release|x64
		{AA3D7EA7-A85D-4250-AAA0-A64B869674A2}.Release|x86.ActiveCfg = Release|x86
		{AA3D7EA7-A85D-4250-AAA0-A64B869674A2}.Release|x86.Build.0 = Release|x86
		{AA3D7EA7-A85D-4250-AAA0-A64B869674A2}.Release|x86.Deploy.0 = Release|x86
	EndGlobalSection
	GlobalSection(SolutionProperties) = preSolution
		HideSolutionNode = FALSE
	EndGlobalSection
	GlobalSection(ExtensibilityGlobals) = postSolution
		SolutionGuid = {22D53045-5A45-45D3-9F0F-578203208FF1}
	EndGlobalSection
EndGlobal
